
Microsoft Visual Studio Solution File, Format Version 12.00
# Visual Studio Version 17
VisualStudioVersion = 17.0.31903.59
MinimumVisualStudioVersion = 10.0.40219.1
Project("{9A19103F-16F7-4668-BE54-9A1E7A4F7556}") = "Guider", "Guider.csproj", "{D13274A2-6BD0-490E-98CF-B994FE81F62E}"
EndProject
Global
	GlobalSection(SolutionConfigurationPlatforms) = preSolution
		Debug|Any CPU = Debug|Any CPU
		Release|Any CPU = Release|Any CPU
	EndGlobalSection
	GlobalSection(ProjectConfigurationPlatforms) = postSolution
		{D13274A2-6BD0-490E-98CF-B994FE81F62E}.Debug|Any CPU.ActiveCfg = Debug|Any CPU
		{D13274A2-6BD0-490E-98CF-B994FE81F62E}.Debug|Any CPU.Build.0 = Debug|Any CPU
		{D13274A2-6BD0-490E-98CF-B994FE81F62E}.Release|Any CPU.ActiveCfg = Release|Any CPU
		{D13274A2-6BD0-490E-98CF-B994FE81F62E}.Release|Any CPU.Build.0 = Release|Any CPU
	EndGlobalSection
	GlobalSection(SolutionProperties) = preSolution
		HideSolutionNode = FALSE
	EndGlobalSection
	GlobalSection(ExtensibilityGlobals) = postSolution
		SolutionGuid = {38C14914-D110-456D-901F-86A264818A88}
	EndGlobalSection
EndGlobal
